
Microsoft Visual Studio Solution File, Format Version 12.00
# Visual Studio Version 17
VisualStudioVersion = 17.10.34928.147
MinimumVisualStudioVersion = 10.0.40219.1
Project("{FAE04EC0-301F-11D3-BF4B-00C04F79EFBC}") = "DomainProperty", "DomainProperty\DomainProperty.csproj", "{A24E1516-1092-4DDE-97C5-C45B86C42CC6}"
EndProject
Project("{FAE04EC0-301F-11D3-BF4B-00C04F79EFBC}") = "DomainPropertyTest", "DomainPropertyTest\DomainPropertyTest.csproj", "{5F7567E5-DA09-4C2C-B4D2-4491D8414A39}"
EndProject
Global
	GlobalSection(SolutionConfigurationPlatforms) = preSolution
		Debug|Any CPU = Debug|Any CPU
		Release|Any CPU = Release|Any CPU
	EndGlobalSection
	GlobalSection(ProjectConfigurationPlatforms) = postSolution
		{A24E1516-1092-4DDE-97C5-C45B86C42CC6}.Debug|Any CPU.ActiveCfg = Debug|Any CPU
		{A24E1516-1092-4DDE-97C5-C45B86C42CC6}.Debug|Any CPU.Build.0 = Debug|Any CPU
		{A24E1516-1092-4DDE-97C5-C45B86C42CC6}.Release|Any CPU.ActiveCfg = Release|Any CPU
		{A24E1516-1092-4DDE-97C5-C45B86C42CC6}.Release|Any CPU.Build.0 = Release|Any CPU
		{5F7567E5-DA09-4C2C-B4D2-4491D8414A39}.Debug|Any CPU.ActiveCfg = Debug|Any CPU
		{5F7567E5-DA09-4C2C-B4D2-4491D8414A39}.Debug|Any CPU.Build.0 = Debug|Any CPU
		{5F7567E5-DA09-4C2C-B4D2-4491D8414A39}.Release|Any CPU.ActiveCfg = Release|Any CPU
		{5F7567E5-DA09-4C2C-B4D2-4491D8414A39}.Release|Any CPU.Build.0 = Release|Any CPU
	EndGlobalSection
	GlobalSection(SolutionProperties) = preSolution
		HideSolutionNode = FALSE
	EndGlobalSection
	GlobalSection(ExtensibilityGlobals) = postSolution
		SolutionGuid = {8FA87B11-FB59-4D0A-BD3E-3E829F38EB28}
	EndGlobalSection
EndGlobal
